
Microsoft Visual Studio Solution File, Format Version 12.00
# Visual Studio 15
VisualStudioVersion = 15.0.27428.2043
MinimumVisualStudioVersion = 10.0.40219.1
Project("{8BC9CEB8-8B4A-11D0-8D11-00A0C91BC942}") = "FibonacciNumber", "FibonacciNumber\FibonacciNumber.vcxproj", "{495278A1-D414-4801-9377-C33C4B334878}"
EndProject
Global
	GlobalSection(SolutionConfigurationPlatforms) = preSolution
		Debug|x64 = Debug|x64
		Debug|x86 = Debug|x86
		Release|x64 = Release|x64
		Release|x86 = Release|x86
	EndGlobalSection
	GlobalSection(ProjectConfigurationPlatforms) = postSolution
		{495278A1-D414-4801-9377-C33C4B334878}.Debug|x64.ActiveCfg = Debug|x64
		{495278A1-D414-4801-9377-C33C4B334878}.Debug|x64.Build.0 = Debug|x64
		{495278A1-D414-4801-9377-C33C4B334878}.Debug|x86.ActiveCfg = Debug|Win32
		{495278A1-D414-4801-9377-C33C4B334878}.Debug|x86.Build.0 = Debug|Win32
		{495278A1-D414-4801-9377-C33C4B334878}.Release|x64.ActiveCfg = Release|x64
		{495278A1-D414-4801-9377-C33C4B334878}.Release|x64.Build.0 = Release|x64
		{495278A1-D414-4801-9377-C33C4B334878}.Release|x86.ActiveCfg = Release|Win32
		{495278A1-D414-4801-9377-C33C4B334878}.Release|x86.Build.0 = Release|Win32
	EndGlobalSection
	GlobalSection(SolutionProperties) = preSolution
		HideSolutionNode = FALSE
	EndGlobalSection
	GlobalSection(ExtensibilityGlobals) = postSolution
		SolutionGuid = {A48C0706-5708-4109-8735-12691B3A3ED2}
	EndGlobalSection
EndGlobal
