
Microsoft Visual Studio Solution File, Format Version 12.00
# Visual Studio 15
VisualStudioVersion = 15.0.27428.2043
MinimumVisualStudioVersion = 10.0.40219.1
Project("{8BC9CEB8-8B4A-11D0-8D11-00A0C91BC942}") = "My First Program", "My First Program\My First Program.vcxproj", "{4A53F1F1-46E0-411A-861C-ECBA8CFB5B9A}"
EndProject
Global
	GlobalSection(SolutionConfigurationPlatforms) = preSolution
		Debug|x64 = Debug|x64
		Debug|x86 = Debug|x86
		Release|x64 = Release|x64
		Release|x86 = Release|x86
	EndGlobalSection
	GlobalSection(ProjectConfigurationPlatforms) = postSolution
		{4A53F1F1-46E0-411A-861C-ECBA8CFB5B9A}.Debug|x64.ActiveCfg = Debug|x64
		{4A53F1F1-46E0-411A-861C-ECBA8CFB5B9A}.Debug|x64.Build.0 = Debug|x64
		{4A53F1F1-46E0-411A-861C-ECBA8CFB5B9A}.Debug|x86.ActiveCfg = Debug|Win32
		{4A53F1F1-46E0-411A-861C-ECBA8CFB5B9A}.Debug|x86.Build.0 = Debug|Win32
		{4A53F1F1-46E0-411A-861C-ECBA8CFB5B9A}.Release|x64.ActiveCfg = Release|x64
		{4A53F1F1-46E0-411A-861C-ECBA8CFB5B9A}.Release|x64.Build.0 = Release|x64
		{4A53F1F1-46E0-411A-861C-ECBA8CFB5B9A}.Release|x86.ActiveCfg = Release|Win32
		{4A53F1F1-46E0-411A-861C-ECBA8CFB5B9A}.Release|x86.Build.0 = Release|Win32
	EndGlobalSection
	GlobalSection(SolutionProperties) = preSolution
		HideSolutionNode = FALSE
	EndGlobalSection
	GlobalSection(ExtensibilityGlobals) = postSolution
		SolutionGuid = {A0B3B2AD-35BE-45CB-8D2D-C98AC7C195D7}
	EndGlobalSection
EndGlobal
